// !$*UTF8*$!
{
	archiveVersion = 1;
	classes = {
	};
	objectVersion = 70;
	objects = {

/* Begin PBXBuildFile section */
		EF45E52D2BD0877100ED8237 /* Kingfisher in Frameworks */ = {isa = PBXBuildFile; productRef = EF45E52C2BD0877100ED8237 /* Kingfisher */; };
		EF45E5872BDAF94A00ED8237 /* FirebaseMessaging in Frameworks */ = {isa = PBXBuildFile; productRef = EF45E5862BDAF94A00ED8237 /* FirebaseMessaging */; };
		EF872FBF2C3224940072AE93 /* GoogleService-Info.plist in Resources */ = {isa = PBXBuildFile; fileRef = EF872FBE2C3224940072AE93 /* GoogleService-Info.plist */; };
		EF872FCC2C3231D10072AE93 /* WidgetKit.framework in Frameworks */ = {isa = PBXBuildFile; fileRef = EF45E5652BD998BB00ED8237 /* WidgetKit.framework */; };
		EF872FCD2C3231D10072AE93 /* SwiftUI.framework in Frameworks */ = {isa = PBXBuildFile; fileRef = EF45E5672BD998BB00ED8237 /* SwiftUI.framework */; };
		EF872FD82C3231D20072AE93 /* MomentsWidgetExtension.appex in Embed Foundation Extensions */ = {isa = PBXBuildFile; fileRef = EF872FCB2C3231D10072AE93 /* MomentsWidgetExtension.appex */; settings = {ATTRIBUTES = (RemoveHeadersOnCopy, ); }; };
		EF872FDF2C3232210072AE93 /* FirebaseAuth in Frameworks */ = {isa = PBXBuildFile; productRef = EF872FDE2C3232210072AE93 /* FirebaseAuth */; };
		EF872FE12C32322A0072AE93 /* FirebaseFirestore in Frameworks */ = {isa = PBXBuildFile; productRef = EF872FE02C32322A0072AE93 /* FirebaseFirestore */; };
		EF872FE22C3233080072AE93 /* GoogleService-Info.plist in Resources */ = {isa = PBXBuildFile; fileRef = EF872FBE2C3224940072AE93 /* GoogleService-Info.plist */; };
		EF872FE62C3250EA0072AE93 /* Kingfisher in Frameworks */ = {isa = PBXBuildFile; productRef = EF872FE52C3250EA0072AE93 /* Kingfisher */; };
		EFE601B72BAF87AF004E816C /* FirebaseAuth in Frameworks */ = {isa = PBXBuildFile; productRef = EFE601B62BAF87AF004E816C /* FirebaseAuth */; };
		EFE601BA2BAF8947004E816C /* FirebaseAnalytics in Frameworks */ = {isa = PBXBuildFile; productRef = EFE601B92BAF8947004E816C /* FirebaseAnalytics */; };
		EFE601D02BB0BADC004E816C /* FirebaseFirestore in Frameworks */ = {isa = PBXBuildFile; productRef = EFE601CF2BB0BADC004E816C /* FirebaseFirestore */; };
		EFE601D22BB0BAE3004E816C /* FirebaseFirestoreSwift in Frameworks */ = {isa = PBXBuildFile; productRef = EFE601D12BB0BAE3004E816C /* FirebaseFirestoreSwift */; };
		EFE601D42BB0BB1D004E816C /* FirebaseStorage in Frameworks */ = {isa = PBXBuildFile; productRef = EFE601D32BB0BB1D004E816C /* FirebaseStorage */; };
		EFE601D92BB32FDB004E816C /* GoogleSignIn in Frameworks */ = {isa = PBXBuildFile; productRef = EFE601D82BB32FDB004E816C /* GoogleSignIn */; };
		EFE601DB2BB32FDB004E816C /* GoogleSignInSwift in Frameworks */ = {isa = PBXBuildFile; productRef = EFE601DA2BB32FDB004E816C /* GoogleSignInSwift */; };
/* End PBXBuildFile section */

/* Begin PBXContainerItemProxy section */
		EF872FD62C3231D20072AE93 /* PBXContainerItemProxy */ = {
			isa = PBXContainerItemProxy;
			containerPortal = EFE601892BAF4575004E816C /* Project object */;
			proxyType = 1;
			remoteGlobalIDString = EF872FCA2C3231D10072AE93;
			remoteInfo = MomentsWidgetExtension;
		};
/* End PBXContainerItemProxy section */

/* Begin PBXCopyFilesBuildPhase section */
		EF45E5772BD998BD00ED8237 /* Embed Foundation Extensions */ = {
			isa = PBXCopyFilesBuildPhase;
			buildActionMask = 12;
			dstPath = "";
			dstSubfolderSpec = 13;
			files = (
				EF872FD82C3231D20072AE93 /* MomentsWidgetExtension.appex in Embed Foundation Extensions */,
			);
			name = "Embed Foundation Extensions";
			runOnlyForDeploymentPostprocessing = 0;
		};
/* End PBXCopyFilesBuildPhase section */

/* Begin PBXFileReference section */
		EF45E5652BD998BB00ED8237 /* WidgetKit.framework */ = {isa = PBXFileReference; lastKnownFileType = wrapper.framework; name = WidgetKit.framework; path = System/Library/Frameworks/WidgetKit.framework; sourceTree = SDKROOT; };
		EF45E5672BD998BB00ED8237 /* SwiftUI.framework */ = {isa = PBXFileReference; lastKnownFileType = wrapper.framework; name = SwiftUI.framework; path = System/Library/Frameworks/SwiftUI.framework; sourceTree = SDKROOT; };
		EF872FBE2C3224940072AE93 /* GoogleService-Info.plist */ = {isa = PBXFileReference; fileEncoding = 4; lastKnownFileType = text.plist.xml; name = "GoogleService-Info.plist"; path = "../../../../Downloads/GoogleService-Info.plist"; sourceTree = "<group>"; };
		EF872FCB2C3231D10072AE93 /* MomentsWidgetExtension.appex */ = {isa = PBXFileReference; explicitFileType = "wrapper.app-extension"; includeInIndex = 0; path = MomentsWidgetExtension.appex; sourceTree = BUILT_PRODUCTS_DIR; };
		EFE601912BAF4575004E816C /* Moments.app */ = {isa = PBXFileReference; explicitFileType = wrapper.application; includeInIndex = 0; path = Moments.app; sourceTree = BUILT_PRODUCTS_DIR; };
/* End PBXFileReference section */

/* Begin PBXFileSystemSynchronizedBuildFileExceptionSet section */
		EF9A90AE2CE9169E000BFFA1 /* PBXFileSystemSynchronizedBuildFileExceptionSet */ = {
			isa = PBXFileSystemSynchronizedBuildFileExceptionSet;
			membershipExceptions = (
				Info.plist,
			);
			target = EFE601902BAF4575004E816C /* Moments */;
		};
		EF9A90AF2CE9169E000BFFA1 /* PBXFileSystemSynchronizedBuildFileExceptionSet */ = {
			isa = PBXFileSystemSynchronizedBuildFileExceptionSet;
			membershipExceptions = (
				teamId.swift,
			);
			target = EF872FCA2C3231D10072AE93 /* MomentsWidgetExtension */;
		};
		EF9A90BA2CE916A6000BFFA1 /* PBXFileSystemSynchronizedBuildFileExceptionSet */ = {
			isa = PBXFileSystemSynchronizedBuildFileExceptionSet;
			membershipExceptions = (
				Info.plist,
			);
			target = EF872FCA2C3231D10072AE93 /* MomentsWidgetExtension */;
		};
/* End PBXFileSystemSynchronizedBuildFileExceptionSet section */

/* Begin PBXFileSystemSynchronizedRootGroup section */
		EF9A907A2CE9169D000BFFA1 /* Moments */ = {isa = PBXFileSystemSynchronizedRootGroup; exceptions = (EF9A90AE2CE9169E000BFFA1 /* PBXFileSystemSynchronizedBuildFileExceptionSet */, EF9A90AF2CE9169E000BFFA1 /* PBXFileSystemSynchronizedBuildFileExceptionSet */, ); explicitFileTypes = {}; explicitFolders = (); path = Moments; sourceTree = "<group>"; };
		EF9A90B52CE916A6000BFFA1 /* MomentsWidget */ = {isa = PBXFileSystemSynchronizedRootGroup; exceptions = (EF9A90BA2CE916A6000BFFA1 /* PBXFileSystemSynchronizedBuildFileExceptionSet */, ); explicitFileTypes = {}; explicitFolders = (); path = MomentsWidget; sourceTree = "<group>"; };
/* End PBXFileSystemSynchronizedRootGroup section */

/* Begin PBXFrameworksBuildPhase section */
		EF872FC82C3231D10072AE93 /* Frameworks */ = {
			isa = PBXFrameworksBuildPhase;
			buildActionMask = 2147483647;
			files = (
				EF872FCD2C3231D10072AE93 /* SwiftUI.framework in Frameworks */,
				EF872FE12C32322A0072AE93 /* FirebaseFirestore in Frameworks */,
				EF872FDF2C3232210072AE93 /* FirebaseAuth in Frameworks */,
				EF872FCC2C3231D10072AE93 /* WidgetKit.framework in Frameworks */,
				EF872FE62C3250EA0072AE93 /* Kingfisher in Frameworks */,
			);
			runOnlyForDeploymentPostprocessing = 0;
		};
		EFE6018E2BAF4575004E816C /* Frameworks */ = {
			isa = PBXFrameworksBuildPhase;
			buildActionMask = 2147483647;
			files = (
				EF45E5872BDAF94A00ED8237 /* FirebaseMessaging in Frameworks */,
				EFE601BA2BAF8947004E816C /* FirebaseAnalytics in Frameworks */,
				EFE601B72BAF87AF004E816C /* FirebaseAuth in Frameworks */,
				EFE601DB2BB32FDB004E816C /* GoogleSignInSwift in Frameworks */,
				EFE601D02BB0BADC004E816C /* FirebaseFirestore in Frameworks */,
				EF45E52D2BD0877100ED8237 /* Kingfisher in Frameworks */,
				EFE601D42BB0BB1D004E816C /* FirebaseStorage in Frameworks */,
				EFE601D22BB0BAE3004E816C /* FirebaseFirestoreSwift in Frameworks */,
				EFE601D92BB32FDB004E816C /* GoogleSignIn in Frameworks */,
			);
			runOnlyForDeploymentPostprocessing = 0;
		};
/* End PBXFrameworksBuildPhase section */

/* Begin PBXGroup section */
		EFE601882BAF4575004E816C = {
			isa = PBXGroup;
			children = (
				EF872FBE2C3224940072AE93 /* GoogleService-Info.plist */,
				EF9A907A2CE9169D000BFFA1 /* Moments */,
				EF9A90B52CE916A6000BFFA1 /* MomentsWidget */,
				EFE601922BAF4575004E816C /* Products */,
				EFE601B82BAF8947004E816C /* Frameworks */,
			);
			sourceTree = "<group>";
		};
		EFE601922BAF4575004E816C /* Products */ = {
			isa = PBXGroup;
			children = (
				EFE601912BAF4575004E816C /* Moments.app */,
				EF872FCB2C3231D10072AE93 /* MomentsWidgetExtension.appex */,
			);
			name = Products;
			sourceTree = "<group>";
		};
		EFE601B82BAF8947004E816C /* Frameworks */ = {
			isa = PBXGroup;
			children = (
				EF45E5652BD998BB00ED8237 /* WidgetKit.framework */,
				EF45E5672BD998BB00ED8237 /* SwiftUI.framework */,
			);
			name = Frameworks;
			sourceTree = "<group>";
		};
/* End PBXGroup section */

/* Begin PBXNativeTarget section */
		EF872FCA2C3231D10072AE93 /* MomentsWidgetExtension */ = {
			isa = PBXNativeTarget;
			buildConfigurationList = EF872FD92C3231D20072AE93 /* Build configuration list for PBXNativeTarget "MomentsWidgetExtension" */;
			buildPhases = (
				EF872FC72C3231D10072AE93 /* Sources */,
				EF872FC82C3231D10072AE93 /* Frameworks */,
				EF872FC92C3231D10072AE93 /* Resources */,
			);
			buildRules = (
			);
			dependencies = (
			);
			fileSystemSynchronizedGroups = (
				EF9A90B52CE916A6000BFFA1 /* MomentsWidget */,
			);
			name = MomentsWidgetExtension;
			packageProductDependencies = (
				EF872FDE2C3232210072AE93 /* FirebaseAuth */,
				EF872FE02C32322A0072AE93 /* FirebaseFirestore */,
				EF872FE52C3250EA0072AE93 /* Kingfisher */,
			);
			productName = MomentsWidgetExtension;
			productReference = EF872FCB2C3231D10072AE93 /* MomentsWidgetExtension.appex */;
			productType = "com.apple.product-type.app-extension";
		};
		EFE601902BAF4575004E816C /* Moments */ = {
			isa = PBXNativeTarget;
			buildConfigurationList = EFE6019F2BAF4576004E816C /* Build configuration list for PBXNativeTarget "Moments" */;
			buildPhases = (
				EFE6018D2BAF4575004E816C /* Sources */,
				EFE6018E2BAF4575004E816C /* Frameworks */,
				EFE6018F2BAF4575004E816C /* Resources */,
				EF45E5772BD998BD00ED8237 /* Embed Foundation Extensions */,
			);
			buildRules = (
			);
			dependencies = (
				EF872FD72C3231D20072AE93 /* PBXTargetDependency */,
			);
			fileSystemSynchronizedGroups = (
				EF9A907A2CE9169D000BFFA1 /* Moments */,
			);
			name = Moments;
			packageProductDependencies = (
				EFE601B62BAF87AF004E816C /* FirebaseAuth */,
				EFE601B92BAF8947004E816C /* FirebaseAnalytics */,
				EFE601CF2BB0BADC004E816C /* FirebaseFirestore */,
				EFE601D12BB0BAE3004E816C /* FirebaseFirestoreSwift */,
				EFE601D32BB0BB1D004E816C /* FirebaseStorage */,
				EFE601D82BB32FDB004E816C /* GoogleSignIn */,
				EFE601DA2BB32FDB004E816C /* GoogleSignInSwift */,
				EF45E52C2BD0877100ED8237 /* Kingfisher */,
				EF45E5862BDAF94A00ED8237 /* FirebaseMessaging */,
			);
			productName = MomentsV2;
			productReference = EFE601912BAF4575004E816C /* Moments.app */;
			productType = "com.apple.product-type.application";
		};
/* End PBXNativeTarget section */

/* Begin PBXProject section */
		EFE601892BAF4575004E816C /* Project object */ = {
			isa = PBXProject;
			attributes = {
				BuildIndependentTargetsInParallel = 1;
				LastSwiftUpdateCheck = 1540;
				LastUpgradeCheck = 1530;
				TargetAttributes = {
					EF872FCA2C3231D10072AE93 = {
						CreatedOnToolsVersion = 15.4;
					};
					EFE601902BAF4575004E816C = {
						CreatedOnToolsVersion = 15.3;
					};
				};
			};
			buildConfigurationList = EFE6018C2BAF4575004E816C /* Build configuration list for PBXProject "Moments" */;
			compatibilityVersion = "Xcode 14.0";
			developmentRegion = en;
			hasScannedForEncodings = 0;
			knownRegions = (
				en,
				Base,
			);
			mainGroup = EFE601882BAF4575004E816C;
			packageReferences = (
				EFE601B52BAF87AF004E816C /* XCRemoteSwiftPackageReference "firebase-ios-sdk" */,
				EFE601D72BB32FDB004E816C /* XCRemoteSwiftPackageReference "GoogleSignin-iOS" */,
				EF45E52B2BD0877100ED8237 /* XCRemoteSwiftPackageReference "Kingfisher" */,
			);
			productRefGroup = EFE601922BAF4575004E816C /* Products */;
			projectDirPath = "";
			projectRoot = "";
			targets = (
				EFE601902BAF4575004E816C /* Moments */,
				EF872FCA2C3231D10072AE93 /* MomentsWidgetExtension */,
			);
		};
/* End PBXProject section */

/* Begin PBXResourcesBuildPhase section */
		EF872FC92C3231D10072AE93 /* Resources */ = {
			isa = PBXResourcesBuildPhase;
			buildActionMask = 2147483647;
			files = (
				EF872FE22C3233080072AE93 /* GoogleService-Info.plist in Resources */,
			);
			runOnlyForDeploymentPostprocessing = 0;
		};
		EFE6018F2BAF4575004E816C /* Resources */ = {
			isa = PBXResourcesBuildPhase;
			buildActionMask = 2147483647;
			files = (
				EF872FBF2C3224940072AE93 /* GoogleService-Info.plist in Resources */,
			);
			runOnlyForDeploymentPostprocessing = 0;
		};
/* End PBXResourcesBuildPhase section */

/* Begin PBXSourcesBuildPhase section */
		EF872FC72C3231D10072AE93 /* Sources */ = {
			isa = PBXSourcesBuildPhase;
			buildActionMask = 2147483647;
			files = (
			);
			runOnlyForDeploymentPostprocessing = 0;
		};
		EFE6018D2BAF4575004E816C /* Sources */ = {
			isa = PBXSourcesBuildPhase;
			buildActionMask = 2147483647;
			files = (
			);
			runOnlyForDeploymentPostprocessing = 0;
		};
/* End PBXSourcesBuildPhase section */

/* Begin PBXTargetDependency section */
		EF872FD72C3231D20072AE93 /* PBXTargetDependency */ = {
			isa = PBXTargetDependency;
			target = EF872FCA2C3231D10072AE93 /* MomentsWidgetExtension */;
			targetProxy = EF872FD62C3231D20072AE93 /* PBXContainerItemProxy */;
		};
/* End PBXTargetDependency section */

/* Begin XCBuildConfiguration section */
		EF872FDA2C3231D20072AE93 /* Debug */ = {
			isa = XCBuildConfiguration;
			buildSettings = {
				ASSETCATALOG_COMPILER_GLOBAL_ACCENT_COLOR_NAME = AccentColor;
				ASSETCATALOG_COMPILER_WIDGET_BACKGROUND_COLOR_NAME = WidgetBackground;
				CODE_SIGN_ENTITLEMENTS = MomentsWidget/MomentsWidgetExtension.entitlements;
				CODE_SIGN_IDENTITY = "Apple Development";
				CODE_SIGN_STYLE = Automatic;
				CURRENT_PROJECT_VERSION = 1;
				DEVELOPMENT_TEAM = DP7CA5HH9V;
				GENERATE_INFOPLIST_FILE = YES;
				INFOPLIST_FILE = MomentsWidget/Info.plist;
				INFOPLIST_KEY_CFBundleDisplayName = MomentsWidget;
				INFOPLIST_KEY_NSHumanReadableCopyright = "";
				IPHONEOS_DEPLOYMENT_TARGET = 17.5;
				LD_RUNPATH_SEARCH_PATHS = (
					"$(inherited)",
					"@executable_path/Frameworks",
					"@executable_path/../../Frameworks",
				);
				MARKETING_VERSION = 1.0;
				PRODUCT_BUNDLE_IDENTIFIER = edu.vanderbilt.zachtao.Moments.MomentsWidget;
				PRODUCT_NAME = "$(TARGET_NAME)";
				SKIP_INSTALL = YES;
				SWIFT_EMIT_LOC_STRINGS = YES;
				SWIFT_VERSION = 5.0;
				TARGETED_DEVICE_FAMILY = "1,2";
			};
			name = Debug;
		};
		EF872FDB2C3231D20072AE93 /* Release */ = {
			isa = XCBuildConfiguration;
			buildSettings = {
				ASSETCATALOG_COMPILER_GLOBAL_ACCENT_COLOR_NAME = AccentColor;
				ASSETCATALOG_COMPILER_WIDGET_BACKGROUND_COLOR_NAME = WidgetBackground;
				CODE_SIGN_ENTITLEMENTS = MomentsWidget/MomentsWidgetExtension.entitlements;
				CODE_SIGN_IDENTITY = "Apple Development";
				CODE_SIGN_STYLE = Automatic;
				CURRENT_PROJECT_VERSION = 1;
				DEVELOPMENT_TEAM = DP7CA5HH9V;
				GENERATE_INFOPLIST_FILE = YES;
				INFOPLIST_FILE = MomentsWidget/Info.plist;
				INFOPLIST_KEY_CFBundleDisplayName = MomentsWidget;
				INFOPLIST_KEY_NSHumanReadableCopyright = "";
				IPHONEOS_DEPLOYMENT_TARGET = 17.5;
				LD_RUNPATH_SEARCH_PATHS = (
					"$(inherited)",
					"@executable_path/Frameworks",
					"@executable_path/../../Frameworks",
				);
				MARKETING_VERSION = 1.0;
				PRODUCT_BUNDLE_IDENTIFIER = edu.vanderbilt.zachtao.Moments.MomentsWidget;
				PRODUCT_NAME = "$(TARGET_NAME)";
				SKIP_INSTALL = YES;
				SWIFT_EMIT_LOC_STRINGS = YES;
				SWIFT_VERSION = 5.0;
				TARGETED_DEVICE_FAMILY = "1,2";
			};
			name = Release;
		};
		EFE6019D2BAF4576004E816C /* Debug */ = {
			isa = XCBuildConfiguration;
			buildSettings = {
				ALWAYS_SEARCH_USER_PATHS = NO;
				ASSETCATALOG_COMPILER_GENERATE_SWIFT_ASSET_SYMBOL_EXTENSIONS = YES;
				CLANG_ANALYZER_NONNULL = YES;
				CLANG_ANALYZER_NUMBER_OBJECT_CONVERSION = YES_AGGRESSIVE;
				CLANG_CXX_LANGUAGE_STANDARD = "gnu++20";
				CLANG_ENABLE_MODULES = YES;
				CLANG_ENABLE_OBJC_ARC = YES;
				CLANG_ENABLE_OBJC_WEAK = YES;
				CLANG_WARN_BLOCK_CAPTURE_AUTORELEASING = YES;
				CLANG_WARN_BOOL_CONVERSION = YES;
				CLANG_WARN_COMMA = YES;
				CLANG_WARN_CONSTANT_CONVERSION = YES;
				CLANG_WARN_DEPRECATED_OBJC_IMPLEMENTATIONS = YES;
				CLANG_WARN_DIRECT_OBJC_ISA_USAGE = YES_ERROR;
				CLANG_WARN_DOCUMENTATION_COMMENTS = YES;
				CLANG_WARN_EMPTY_BODY = YES;
				CLANG_WARN_ENUM_CONVERSION = YES;
				CLANG_WARN_INFINITE_RECURSION = YES;
				CLANG_WARN_INT_CONVERSION = YES;
				CLANG_WARN_NON_LITERAL_NULL_CONVERSION = YES;
				CLANG_WARN_OBJC_IMPLICIT_RETAIN_SELF = YES;
				CLANG_WARN_OBJC_LITERAL_CONVERSION = YES;
				CLANG_WARN_OBJC_ROOT_CLASS = YES_ERROR;
				CLANG_WARN_QUOTED_INCLUDE_IN_FRAMEWORK_HEADER = YES;
				CLANG_WARN_RANGE_LOOP_ANALYSIS = YES;
				CLANG_WARN_STRICT_PROTOTYPES = YES;
				CLANG_WARN_SUSPICIOUS_MOVE = YES;
				CLANG_WARN_UNGUARDED_AVAILABILITY = YES_AGGRESSIVE;
				CLANG_WARN_UNREACHABLE_CODE = YES;
				CLANG_WARN__DUPLICATE_METHOD_MATCH = YES;
				COPY_PHASE_STRIP = NO;
				DEBUG_INFORMATION_FORMAT = dwarf;
				ENABLE_STRICT_OBJC_MSGSEND = YES;
				ENABLE_TESTABILITY = YES;
				ENABLE_USER_SCRIPT_SANDBOXING = YES;
				GCC_C_LANGUAGE_STANDARD = gnu17;
				GCC_DYNAMIC_NO_PIC = NO;
				GCC_NO_COMMON_BLOCKS = YES;
				GCC_OPTIMIZATION_LEVEL = 0;
				GCC_PREPROCESSOR_DEFINITIONS = (
					"DEBUG=1",
					"$(inherited)",
				);
				GCC_WARN_64_TO_32_BIT_CONVERSION = YES;
				GCC_WARN_ABOUT_RETURN_TYPE = YES_ERROR;
				GCC_WARN_UNDECLARED_SELECTOR = YES;
				GCC_WARN_UNINITIALIZED_AUTOS = YES_AGGRESSIVE;
				GCC_WARN_UNUSED_FUNCTION = YES;
				GCC_WARN_UNUSED_VARIABLE = YES;
				IPHONEOS_DEPLOYMENT_TARGET = 17.4;
				LOCALIZATION_PREFERS_STRING_CATALOGS = YES;
				MTL_ENABLE_DEBUG_INFO = INCLUDE_SOURCE;
				MTL_FAST_MATH = YES;
				ONLY_ACTIVE_ARCH = YES;
				SDKROOT = iphoneos;
				SWIFT_ACTIVE_COMPILATION_CONDITIONS = "DEBUG $(inherited)";
				SWIFT_OPTIMIZATION_LEVEL = "-Onone";
			};
			name = Debug;
		};
		EFE6019E2BAF4576004E816C /* Release */ = {
			isa = XCBuildConfiguration;
			buildSettings = {
				ALWAYS_SEARCH_USER_PATHS = NO;
				ASSETCATALOG_COMPILER_GENERATE_SWIFT_ASSET_SYMBOL_EXTENSIONS = YES;
				CLANG_ANALYZER_NONNULL = YES;
				CLANG_ANALYZER_NUMBER_OBJECT_CONVERSION = YES_AGGRESSIVE;
				CLANG_CXX_LANGUAGE_STANDARD = "gnu++20";
				CLANG_ENABLE_MODULES = YES;
				CLANG_ENABLE_OBJC_ARC = YES;
				CLANG_ENABLE_OBJC_WEAK = YES;
				CLANG_WARN_BLOCK_CAPTURE_AUTORELEASING = YES;
				CLANG_WARN_BOOL_CONVERSION = YES;
				CLANG_WARN_COMMA = YES;
				CLANG_WARN_CONSTANT_CONVERSION = YES;
				CLANG_WARN_DEPRECATED_OBJC_IMPLEMENTATIONS = YES;
				CLANG_WARN_DIRECT_OBJC_ISA_USAGE = YES_ERROR;
				CLANG_WARN_DOCUMENTATION_COMMENTS = YES;
				CLANG_WARN_EMPTY_BODY = YES;
				CLANG_WARN_ENUM_CONVERSION = YES;
				CLANG_WARN_INFINITE_RECURSION = YES;
				CLANG_WARN_INT_CONVERSION = YES;
				CLANG_WARN_NON_LITERAL_NULL_CONVERSION = YES;
				CLANG_WARN_OBJC_IMPLICIT_RETAIN_SELF = YES;
				CLANG_WARN_OBJC_LITERAL_CONVERSION = YES;
				CLANG_WARN_OBJC_ROOT_CLASS = YES_ERROR;
				CLANG_WARN_QUOTED_INCLUDE_IN_FRAMEWORK_HEADER = YES;
				CLANG_WARN_RANGE_LOOP_ANALYSIS = YES;
				CLANG_WARN_STRICT_PROTOTYPES = YES;
				CLANG_WARN_SUSPICIOUS_MOVE = YES;
				CLANG_WARN_UNGUARDED_AVAILABILITY = YES_AGGRESSIVE;
				CLANG_WARN_UNREACHABLE_CODE = YES;
				CLANG_WARN__DUPLICATE_METHOD_MATCH = YES;
				COPY_PHASE_STRIP = NO;
				DEBUG_INFORMATION_FORMAT = "dwarf-with-dsym";
				ENABLE_NS_ASSERTIONS = NO;
				ENABLE_STRICT_OBJC_MSGSEND = YES;
				ENABLE_USER_SCRIPT_SANDBOXING = YES;
				GCC_C_LANGUAGE_STANDARD = gnu17;
				GCC_NO_COMMON_BLOCKS = YES;
				GCC_WARN_64_TO_32_BIT_CONVERSION = YES;
				GCC_WARN_ABOUT_RETURN_TYPE = YES_ERROR;
				GCC_WARN_UNDECLARED_SELECTOR = YES;
				GCC_WARN_UNINITIALIZED_AUTOS = YES_AGGRESSIVE;
				GCC_WARN_UNUSED_FUNCTION = YES;
				GCC_WARN_UNUSED_VARIABLE = YES;
				IPHONEOS_DEPLOYMENT_TARGET = 17.4;
				LOCALIZATION_PREFERS_STRING_CATALOGS = YES;
				MTL_ENABLE_DEBUG_INFO = NO;
				MTL_FAST_MATH = YES;
				SDKROOT = iphoneos;
				SWIFT_COMPILATION_MODE = wholemodule;
				VALIDATE_PRODUCT = YES;
			};
			name = Release;
		};
		EFE601A02BAF4576004E816C /* Debug */ = {
			isa = XCBuildConfiguration;
			buildSettings = {
				ASSETCATALOG_COMPILER_APPICON_NAME = AppIcon;
				ASSETCATALOG_COMPILER_GLOBAL_ACCENT_COLOR_NAME = AccentColor;
				ASSETCATALOG_COMPILER_INCLUDE_ALL_APPICON_ASSETS = NO;
				CODE_SIGN_ENTITLEMENTS = Moments/MomentsDebug.entitlements;
				CODE_SIGN_IDENTITY = "Apple Development";
				CODE_SIGN_STYLE = Automatic;
				CURRENT_PROJECT_VERSION = 1;
				DEVELOPMENT_ASSET_PATHS = "";
				DEVELOPMENT_TEAM = DP7CA5HH9V;
				ENABLE_PREVIEWS = YES;
				GENERATE_INFOPLIST_FILE = YES;
				INFOPLIST_FILE = Moments/Info.plist;
				INFOPLIST_KEY_CFBundleDisplayName = Moments;
				INFOPLIST_KEY_LSApplicationCategoryType = "public.app-category.social-networking";
				INFOPLIST_KEY_NSCameraUsageDescription = "This app uses camera to capture photos and videos";
				INFOPLIST_KEY_NSLocationUsageDescription = "This app uses location to track photo location";
				INFOPLIST_KEY_NSLocationWhenInUseUsageDescription = "This app uses photo library to save photos users take";
				INFOPLIST_KEY_NSPhotoLibraryUsageDescription = "This app uses photo library to save photos users take";
				INFOPLIST_KEY_UIApplicationSceneManifest_Generation = YES;
				INFOPLIST_KEY_UIApplicationSupportsIndirectInputEvents = YES;
				INFOPLIST_KEY_UILaunchScreen_Generation = YES;
				INFOPLIST_KEY_UISupportedInterfaceOrientations = UIInterfaceOrientationPortrait;
				INFOPLIST_KEY_UIUserInterfaceStyle = Light;
				IPHONEOS_DEPLOYMENT_TARGET = 17.0;
				LD_RUNPATH_SEARCH_PATHS = (
					"$(inherited)",
					"@executable_path/Frameworks",
				);
				MARKETING_VERSION = 1.0;
				PRODUCT_BUNDLE_IDENTIFIER = edu.vanderbilt.zachtao.Moments;
				PRODUCT_NAME = "$(TARGET_NAME)";
				PROVISIONING_PROFILE_SPECIFIER = "";
				SUPPORTED_PLATFORMS = "iphoneos iphonesimulator";
				SUPPORTS_MACCATALYST = NO;
				SUPPORTS_MAC_DESIGNED_FOR_IPHONE_IPAD = NO;
				SUPPORTS_XR_DESIGNED_FOR_IPHONE_IPAD = NO;
				SWIFT_EMIT_LOC_STRINGS = YES;
				SWIFT_VERSION = 5.0;
				TARGETED_DEVICE_FAMILY = 1;
			};
			name = Debug;
		};
		EFE601A12BAF4576004E816C /* Release */ = {
			isa = XCBuildConfiguration;
			buildSettings = {
				ASSETCATALOG_COMPILER_APPICON_NAME = AppIcon;
				ASSETCATALOG_COMPILER_GLOBAL_ACCENT_COLOR_NAME = AccentColor;
				ASSETCATALOG_COMPILER_INCLUDE_ALL_APPICON_ASSETS = NO;
				CODE_SIGN_ENTITLEMENTS = Moments/Moments.entitlements;
				CODE_SIGN_IDENTITY = "Apple Development";
				CODE_SIGN_STYLE = Automatic;
				CURRENT_PROJECT_VERSION = 1;
				DEVELOPMENT_ASSET_PATHS = "";
				DEVELOPMENT_TEAM = DP7CA5HH9V;
				ENABLE_PREVIEWS = YES;
				GENERATE_INFOPLIST_FILE = YES;
				INFOPLIST_FILE = Moments/Info.plist;
				INFOPLIST_KEY_CFBundleDisplayName = Moments;
				INFOPLIST_KEY_LSApplicationCategoryType = "public.app-category.social-networking";
				INFOPLIST_KEY_NSCameraUsageDescription = "This app uses camera to capture photos and videos";
				INFOPLIST_KEY_NSLocationUsageDescription = "This app uses location to track photo location";
				INFOPLIST_KEY_NSLocationWhenInUseUsageDescription = "This app uses photo library to save photos users take";
				INFOPLIST_KEY_NSPhotoLibraryUsageDescription = "This app uses photo library to save photos users take";
				INFOPLIST_KEY_UIApplicationSceneManifest_Generation = YES;
				INFOPLIST_KEY_UIApplicationSupportsIndirectInputEvents = YES;
				INFOPLIST_KEY_UILaunchScreen_Generation = YES;
				INFOPLIST_KEY_UISupportedInterfaceOrientations = UIInterfaceOrientationPortrait;
				INFOPLIST_KEY_UIUserInterfaceStyle = Light;
				IPHONEOS_DEPLOYMENT_TARGET = 17.0;
				LD_RUNPATH_SEARCH_PATHS = (
					"$(inherited)",
					"@executable_path/Frameworks",
				);
				MARKETING_VERSION = 1.0;
				PRODUCT_BUNDLE_IDENTIFIER = edu.vanderbilt.zachtao.Moments;
				PRODUCT_NAME = "$(TARGET_NAME)";
				PROVISIONING_PROFILE_SPECIFIER = "";
				SUPPORTED_PLATFORMS = "iphoneos iphonesimulator";
				SUPPORTS_MACCATALYST = NO;
				SUPPORTS_MAC_DESIGNED_FOR_IPHONE_IPAD = NO;
				SUPPORTS_XR_DESIGNED_FOR_IPHONE_IPAD = NO;
				SWIFT_EMIT_LOC_STRINGS = YES;
				SWIFT_VERSION = 5.0;
				TARGETED_DEVICE_FAMILY = 1;
			};
			name = Release;
		};
/* End XCBuildConfiguration section */

/* Begin XCConfigurationList section */
		EF872FD92C3231D20072AE93 /* Build configuration list for PBXNativeTarget "MomentsWidgetExtension" */ = {
			isa = XCConfigurationList;
			buildConfigurations = (
				EF872FDA2C3231D20072AE93 /* Debug */,
				EF872FDB2C3231D20072AE93 /* Release */,
			);
			defaultConfigurationIsVisible = 0;
			defaultConfigurationName = Release;
		};
		EFE6018C2BAF4575004E816C /* Build configuration list for PBXProject "Moments" */ = {
			isa = XCConfigurationList;
			buildConfigurations = (
				EFE6019D2BAF4576004E816C /* Debug */,
				EFE6019E2BAF4576004E816C /* Release */,
			);
			defaultConfigurationIsVisible = 0;
			defaultConfigurationName = Release;
		};
		EFE6019F2BAF4576004E816C /* Build configuration list for PBXNativeTarget "Moments" */ = {
			isa = XCConfigurationList;
			buildConfigurations = (
				EFE601A02BAF4576004E816C /* Debug */,
				EFE601A12BAF4576004E816C /* Release */,
			);
			defaultConfigurationIsVisible = 0;
			defaultConfigurationName = Release;
		};
/* End XCConfigurationList section */

/* Begin XCRemoteSwiftPackageReference section */
		EF45E52B2BD0877100ED8237 /* XCRemoteSwiftPackageReference "Kingfisher" */ = {
			isa = XCRemoteSwiftPackageReference;
			repositoryURL = "https://github.com/onevcat/Kingfisher.git";
			requirement = {
				kind = upToNextMajorVersion;
				minimumVersion = 7.11.0;
			};
		};
		EFE601B52BAF87AF004E816C /* XCRemoteSwiftPackageReference "firebase-ios-sdk" */ = {
			isa = XCRemoteSwiftPackageReference;
			repositoryURL = "https://github.com/firebase/firebase-ios-sdk";
			requirement = {
				kind = upToNextMajorVersion;
				minimumVersion = 10.23.0;
			};
		};
		EFE601D72BB32FDB004E816C /* XCRemoteSwiftPackageReference "GoogleSignin-iOS" */ = {
			isa = XCRemoteSwiftPackageReference;
			repositoryURL = "https://github.com/google/GoogleSignin-iOS";
			requirement = {
				kind = upToNextMajorVersion;
				minimumVersion = 7.0.0;
			};
		};
/* End XCRemoteSwiftPackageReference section */

/* Begin XCSwiftPackageProductDependency section */
		EF45E52C2BD0877100ED8237 /* Kingfisher */ = {
			isa = XCSwiftPackageProductDependency;
			package = EF45E52B2BD0877100ED8237 /* XCRemoteSwiftPackageReference "Kingfisher" */;
			productName = Kingfisher;
		};
		EF45E5862BDAF94A00ED8237 /* FirebaseMessaging */ = {
			isa = XCSwiftPackageProductDependency;
			package = EFE601B52BAF87AF004E816C /* XCRemoteSwiftPackageReference "firebase-ios-sdk" */;
			productName = FirebaseMessaging;
		};
		EF872FDE2C3232210072AE93 /* FirebaseAuth */ = {
			isa = XCSwiftPackageProductDependency;
			package = EFE601B52BAF87AF004E816C /* XCRemoteSwiftPackageReference "firebase-ios-sdk" */;
			productName = FirebaseAuth;
		};
		EF872FE02C32322A0072AE93 /* FirebaseFirestore */ = {
			isa = XCSwiftPackageProductDependency;
			package = EFE601B52BAF87AF004E816C /* XCRemoteSwiftPackageReference "firebase-ios-sdk" */;
			productName = FirebaseFirestore;
		};
		EF872FE52C3250EA0072AE93 /* Kingfisher */ = {
			isa = XCSwiftPackageProductDependency;
			package = EF45E52B2BD0877100ED8237 /* XCRemoteSwiftPackageReference "Kingfisher" */;
			productName = Kingfisher;
		};
		EFE601B62BAF87AF004E816C /* FirebaseAuth */ = {
			isa = XCSwiftPackageProductDependency;
			package = EFE601B52BAF87AF004E816C /* XCRemoteSwiftPackageReference "firebase-ios-sdk" */;
			productName = FirebaseAuth;
		};
		EFE601B92BAF8947004E816C /* FirebaseAnalytics */ = {
			isa = XCSwiftPackageProductDependency;
			package = EFE601B52BAF87AF004E816C /* XCRemoteSwiftPackageReference "firebase-ios-sdk" */;
			productName = FirebaseAnalytics;
		};
		EFE601CF2BB0BADC004E816C /* FirebaseFirestore */ = {
			isa = XCSwiftPackageProductDependency;
			package = EFE601B52BAF87AF004E816C /* XCRemoteSwiftPackageReference "firebase-ios-sdk" */;
			productName = FirebaseFirestore;
		};
		EFE601D12BB0BAE3004E816C /* FirebaseFirestoreSwift */ = {
			isa = XCSwiftPackageProductDependency;
			package = EFE601B52BAF87AF004E816C /* XCRemoteSwiftPackageReference "firebase-ios-sdk" */;
			productName = FirebaseFirestoreSwift;
		};
		EFE601D32BB0BB1D004E816C /* FirebaseStorage */ = {
			isa = XCSwiftPackageProductDependency;
			package = EFE601B52BAF87AF004E816C /* XCRemoteSwiftPackageReference "firebase-ios-sdk" */;
			productName = FirebaseStorage;
		};
		EFE601D82BB32FDB004E816C /* GoogleSignIn */ = {
			isa = XCSwiftPackageProductDependency;
			package = EFE601D72BB32FDB004E816C /* XCRemoteSwiftPackageReference "GoogleSignin-iOS" */;
			productName = GoogleSignIn;
		};
		EFE601DA2BB32FDB004E816C /* GoogleSignInSwift */ = {
			isa = XCSwiftPackageProductDependency;
			package = EFE601D72BB32FDB004E816C /* XCRemoteSwiftPackageReference "GoogleSignin-iOS" */;
			productName = GoogleSignInSwift;
		};
/* End XCSwiftPackageProductDependency section */
	};
	rootObject = EFE601892BAF4575004E816C /* Project object */;
}
